// !$*UTF8*$!
{
	archiveVersion = 1;
	classes = {
	};
	objectVersion = 77;
	objects = {

/* Begin PBXContainerItemProxy section */
		961DD9A92C9716B5007DE2D9 /* PBXContainerItemProxy */ = {
			isa = PBXContainerItemProxy;
			containerPortal = 961DD98F2C9716B4007DE2D9 /* Project object */;
			proxyType = 1;
			remoteGlobalIDString = 961DD9962C9716B4007DE2D9;
			remoteInfo = WindowsUncracker;
		};
		961DD9B32C9716B5007DE2D9 /* PBXContainerItemProxy */ = {
			isa = PBXContainerItemProxy;
			containerPortal = 961DD98F2C9716B4007DE2D9 /* Project object */;
			proxyType = 1;
			remoteGlobalIDString = 961DD9962C9716B4007DE2D9;
			remoteInfo = WindowsUncracker;
		};
/* End PBXContainerItemProxy section */

/* Begin PBXFileReference section */
		961DD9972C9716B4007DE2D9 /* WindowsUncracker.app */ = {isa = PBXFileReference; explicitFileType = wrapper.application; includeInIndex = 0; path = WindowsUncracker.app; sourceTree = BUILT_PRODUCTS_DIR; };
		961DD9A82C9716B5007DE2D9 /* WindowsUncrackerTests.xctest */ = {isa = PBXFileReference; explicitFileType = wrapper.cfbundle; includeInIndex = 0; path = WindowsUncrackerTests.xctest; sourceTree = BUILT_PRODUCTS_DIR; };
		961DD9B22C9716B5007DE2D9 /* WindowsUncrackerUITests.xctest */ = {isa = PBXFileReference; explicitFileType = wrapper.cfbundle; includeInIndex = 0; path = WindowsUncrackerUITests.xctest; sourceTree = BUILT_PRODUCTS_DIR; };
/* End PBXFileReference section */

/* Begin PBXFileSystemSynchronizedRootGroup section */
		961DD9992C9716B4007DE2D9 /* WindowsUncracker */ = {
			isa = PBXFileSystemSynchronizedRootGroup;
			path = WindowsUncracker;
			sourceTree = "<group>";
		};
		961DD9AB2C9716B5007DE2D9 /* WindowsUncrackerTests */ = {
			isa = PBXFileSystemSynchronizedRootGroup;
			path = WindowsUncrackerTests;
			sourceTree = "<group>";
		};
		961DD9B52C9716B5007DE2D9 /* WindowsUncrackerUITests */ = {
			isa = PBXFileSystemSynchronizedRootGroup;
			path = WindowsUncrackerUITests;
			sourceTree = "<group>";
		};
/* End PBXFileSystemSynchronizedRootGroup section */

/* Begin PBXFrameworksBuildPhase section */
		961DD9942C9716B4007DE2D9 /* Frameworks */ = {
			isa = PBXFrameworksBuildPhase;
			buildActionMask = 2147483647;
			files = (
			);
			runOnlyForDeploymentPostprocessing = 0;
		};
		961DD9A52C9716B5007DE2D9 /* Frameworks */ = {
			isa = PBXFrameworksBuildPhase;
			buildActionMask = 2147483647;
			files = (
			);
			runOnlyForDeploymentPostprocessing = 0;
		};
		961DD9AF2C9716B5007DE2D9 /* Frameworks */ = {
			isa = PBXFrameworksBuildPhase;
			buildActionMask = 2147483647;
			files = (
			);
			runOnlyForDeploymentPostprocessing = 0;
		};
/* End PBXFrameworksBuildPhase section */

/* Begin PBXGroup section */
		961DD98E2C9716B4007DE2D9 = {
			isa = PBXGroup;
			children = (
				961DD9992C9716B4007DE2D9 /* WindowsUncracker */,
				961DD9AB2C9716B5007DE2D9 /* WindowsUncrackerTests */,
				961DD9B52C9716B5007DE2D9 /* WindowsUncrackerUITests */,
				961DD9982C9716B4007DE2D9 /* Products */,
			);
			sourceTree = "<group>";
		};
		961DD9982C9716B4007DE2D9 /* Products */ = {
			isa = PBXGroup;
			children = (
				961DD9972C9716B4007DE2D9 /* WindowsUncracker.app */,
				961DD9A82C9716B5007DE2D9 /* WindowsUncrackerTests.xctest */,
				961DD9B22C9716B5007DE2D9 /* WindowsUncrackerUITests.xctest */,
			);
			name = Products;
			sourceTree = "<group>";
		};
/* End PBXGroup section */

/* Begin PBXNativeTarget section */
		961DD9962C9716B4007DE2D9 /* WindowsUncracker */ = {
			isa = PBXNativeTarget;
			buildConfigurationList = 961DD9BC2C9716B5007DE2D9 /* Build configuration list for PBXNativeTarget "WindowsUncracker" */;
			buildPhases = (
				961DD9932C9716B4007DE2D9 /* Sources */,
				961DD9942C9716B4007DE2D9 /* Frameworks */,
				961DD9952C9716B4007DE2D9 /* Resources */,
			);
			buildRules = (
			);
			dependencies = (
			);
			fileSystemSynchronizedGroups = (
				961DD9992C9716B4007DE2D9 /* WindowsUncracker */,
			);
			name = WindowsUncracker;
			packageProductDependencies = (
			);
			productName = WindowsUncracker;
			productReference = 961DD9972C9716B4007DE2D9 /* WindowsUncracker.app */;
			productType = "com.apple.product-type.application";
		};
		961DD9A72C9716B5007DE2D9 /* WindowsUncrackerTests */ = {
			isa = PBXNativeTarget;
			buildConfigurationList = 961DD9BF2C9716B5007DE2D9 /* Build configuration list for PBXNativeTarget "WindowsUncrackerTests" */;
			buildPhases = (
				961DD9A42C9716B5007DE2D9 /* Sources */,
				961DD9A52C9716B5007DE2D9 /* Frameworks */,
				961DD9A62C9716B5007DE2D9 /* Resources */,
			);
			buildRules = (
			);
			dependencies = (
				961DD9AA2C9716B5007DE2D9 /* PBXTargetDependency */,
			);
			fileSystemSynchronizedGroups = (
				961DD9AB2C9716B5007DE2D9 /* WindowsUncrackerTests */,
			);
			name = WindowsUncrackerTests;
			packageProductDependencies = (
			);
			productName = WindowsUncrackerTests;
			productReference = 961DD9A82C9716B5007DE2D9 /* WindowsUncrackerTests.xctest */;
			productType = "com.apple.product-type.bundle.unit-test";
		};
		961DD9B12C9716B5007DE2D9 /* WindowsUncrackerUITests */ = {
			isa = PBXNativeTarget;
			buildConfigurationList = 961DD9C22C9716B5007DE2D9 /* Build configuration list for PBXNativeTarget "WindowsUncrackerUITests" */;
			buildPhases = (
				961DD9AE2C9716B5007DE2D9 /* Sources */,
				961DD9AF2C9716B5007DE2D9 /* Frameworks */,
				961DD9B02C9716B5007DE2D9 /* Resources */,
			);
			buildRules = (
			);
			dependencies = (
				961DD9B42C9716B5007DE2D9 /* PBXTargetDependency */,
			);
			fileSystemSynchronizedGroups = (
				961DD9B52C9716B5007DE2D9 /* WindowsUncrackerUITests */,
			);
			name = WindowsUncrackerUITests;
			packageProductDependencies = (
			);
			productName = WindowsUncrackerUITests;
			productReference = 961DD9B22C9716B5007DE2D9 /* WindowsUncrackerUITests.xctest */;
			productType = "com.apple.product-type.bundle.ui-testing";
		};
/* End PBXNativeTarget section */

/* Begin PBXProject section */
		961DD98F2C9716B4007DE2D9 /* Project object */ = {
			isa = PBXProject;
			attributes = {
				BuildIndependentTargetsInParallel = 1;
				LastSwiftUpdateCheck = 1600;
				LastUpgradeCheck = 1600;
				TargetAttributes = {
					961DD9962C9716B4007DE2D9 = {
						CreatedOnToolsVersion = 16.0;
					};
					961DD9A72C9716B5007DE2D9 = {
						CreatedOnToolsVersion = 16.0;
						TestTargetID = 961DD9962C9716B4007DE2D9;
					};
					961DD9B12C9716B5007DE2D9 = {
						CreatedOnToolsVersion = 16.0;
						TestTargetID = 961DD9962C9716B4007DE2D9;
					};
				};
			};
			buildConfigurationList = 961DD9922C9716B4007DE2D9 /* Build configuration list for PBXProject "WindowsUncracker" */;
			developmentRegion = en;
			hasScannedForEncodings = 0;
			knownRegions = (
				en,
				Base,
			);
			mainGroup = 961DD98E2C9716B4007DE2D9;
			minimizedProjectReferenceProxies = 1;
			preferredProjectObjectVersion = 77;
			productRefGroup = 961DD9982C9716B4007DE2D9 /* Products */;
			projectDirPath = "";
			projectRoot = "";
			targets = (
				961DD9962C9716B4007DE2D9 /* WindowsUncracker */,
				961DD9A72C9716B5007DE2D9 /* WindowsUncrackerTests */,
				961DD9B12C9716B5007DE2D9 /* WindowsUncrackerUITests */,
			);
		};
/* End PBXProject section */

/* Begin PBXResourcesBuildPhase section */
		961DD9952C9716B4007DE2D9 /* Resources */ = {
			isa = PBXResourcesBuildPhase;
			buildActionMask = 2147483647;
			files = (
			);
			runOnlyForDeploymentPostprocessing = 0;
		};
		961DD9A62C9716B5007DE2D9 /* Resources */ = {
			isa = PBXResourcesBuildPhase;
			buildActionMask = 2147483647;
			files = (
			);
			runOnlyForDeploymentPostprocessing = 0;
		};
		961DD9B02C9716B5007DE2D9 /* Resources */ = {
			isa = PBXResourcesBuildPhase;
			buildActionMask = 2147483647;
			files = (
			);
			runOnlyForDeploymentPostprocessing = 0;
		};
/* End PBXResourcesBuildPhase section */

/* Begin PBXSourcesBuildPhase section */
		961DD9932C9716B4007DE2D9 /* Sources */ = {
			isa = PBXSourcesBuildPhase;
			buildActionMask = 2147483647;
			files = (
			);
			runOnlyForDeploymentPostprocessing = 0;
		};
		961DD9A42C9716B5007DE2D9 /* Sources */ = {
			isa = PBXSourcesBuildPhase;
			buildActionMask = 2147483647;
			files = (
			);
			runOnlyForDeploymentPostprocessing = 0;
		};
		961DD9AE2C9716B5007DE2D9 /* Sources */ = {
			isa = PBXSourcesBuildPhase;
			buildActionMask = 2147483647;
			files = (
			);
			runOnlyForDeploymentPostprocessing = 0;
		};
/* End PBXSourcesBuildPhase section */

/* Begin PBXTargetDependency section */
		961DD9AA2C9716B5007DE2D9 /* PBXTargetDependency */ = {
			isa = PBXTargetDependency;
			target = 961DD9962C9716B4007DE2D9 /* WindowsUncracker */;
			targetProxy = 961DD9A92C9716B5007DE2D9 /* PBXContainerItemProxy */;
		};
		961DD9B42C9716B5007DE2D9 /* PBXTargetDependency */ = {
			isa = PBXTargetDependency;
			target = 961DD9962C9716B4007DE2D9 /* WindowsUncracker */;
			targetProxy = 961DD9B32C9716B5007DE2D9 /* PBXContainerItemProxy */;
		};
/* End PBXTargetDependency section */

/* Begin XCBuildConfiguration section */
		961DD9BA2C9716B5007DE2D9 /* Debug */ = {
			isa = XCBuildConfiguration;
			buildSettings = {
				ALWAYS_SEARCH_USER_PATHS = NO;
				ASSETCATALOG_COMPILER_GENERATE_SWIFT_ASSET_SYMBOL_EXTENSIONS = YES;
				CLANG_ANALYZER_NONNULL = YES;
				CLANG_ANALYZER_NUMBER_OBJECT_CONVERSION = YES_AGGRESSIVE;
				CLANG_CXX_LANGUAGE_STANDARD = "gnu++20";
				CLANG_ENABLE_MODULES = YES;
				CLANG_ENABLE_OBJC_ARC = YES;
				CLANG_ENABLE_OBJC_WEAK = YES;
				CLANG_WARN_BLOCK_CAPTURE_AUTORELEASING = YES;
				CLANG_WARN_BOOL_CONVERSION = YES;
				CLANG_WARN_COMMA = YES;
				CLANG_WARN_CONSTANT_CONVERSION = YES;
				CLANG_WARN_DEPRECATED_OBJC_IMPLEMENTATIONS = YES;
				CLANG_WARN_DIRECT_OBJC_ISA_USAGE = YES_ERROR;
				CLANG_WARN_DOCUMENTATION_COMMENTS = YES;
				CLANG_WARN_EMPTY_BODY = YES;
				CLANG_WARN_ENUM_CONVERSION = YES;
				CLANG_WARN_INFINITE_RECURSION = YES;
				CLANG_WARN_INT_CONVERSION = YES;
				CLANG_WARN_NON_LITERAL_NULL_CONVERSION = YES;
				CLANG_WARN_OBJC_IMPLICIT_RETAIN_SELF = YES;
				CLANG_WARN_OBJC_LITERAL_CONVERSION = YES;
				CLANG_WARN_OBJC_ROOT_CLASS = YES_ERROR;
				CLANG_WARN_QUOTED_INCLUDE_IN_FRAMEWORK_HEADER = YES;
				CLANG_WARN_RANGE_LOOP_ANALYSIS = YES;
				CLANG_WARN_STRICT_PROTOTYPES = YES;
				CLANG_WARN_SUSPICIOUS_MOVE = YES;
				CLANG_WARN_UNGUARDED_AVAILABILITY = YES_AGGRESSIVE;
				CLANG_WARN_UNREACHABLE_CODE = YES;
				CLANG_WARN__DUPLICATE_METHOD_MATCH = YES;
				COPY_PHASE_STRIP = NO;
				DEBUG_INFORMATION_FORMAT = dwarf;
				ENABLE_STRICT_OBJC_MSGSEND = YES;
				ENABLE_TESTABILITY = YES;
				ENABLE_USER_SCRIPT_SANDBOXING = YES;
				GCC_C_LANGUAGE_STANDARD = gnu17;
				GCC_DYNAMIC_NO_PIC = NO;
				GCC_NO_COMMON_BLOCKS = YES;
				GCC_OPTIMIZATION_LEVEL = 0;
				GCC_PREPROCESSOR_DEFINITIONS = (
					"DEBUG=1",
					"$(inherited)",
				);
				GCC_WARN_64_TO_32_BIT_CONVERSION = YES;
				GCC_WARN_ABOUT_RETURN_TYPE = YES_ERROR;
				GCC_WARN_UNDECLARED_SELECTOR = YES;
				GCC_WARN_UNINITIALIZED_AUTOS = YES_AGGRESSIVE;
				GCC_WARN_UNUSED_FUNCTION = YES;
				GCC_WARN_UNUSED_VARIABLE = YES;
				LOCALIZATION_PREFERS_STRING_CATALOGS = YES;
				MACOSX_DEPLOYMENT_TARGET = 15.0;
				MTL_ENABLE_DEBUG_INFO = INCLUDE_SOURCE;
				MTL_FAST_MATH = YES;
				ONLY_ACTIVE_ARCH = YES;
				SDKROOT = macosx;
				SWIFT_ACTIVE_COMPILATION_CONDITIONS = "DEBUG $(inherited)";
				SWIFT_OPTIMIZATION_LEVEL = "-Onone";
			};
			name = Debug;
		};
		961DD9BB2C9716B5007DE2D9 /* Release */ = {
			isa = XCBuildConfiguration;
			buildSettings = {
				ALWAYS_SEARCH_USER_PATHS = NO;
				ASSETCATALOG_COMPILER_GENERATE_SWIFT_ASSET_SYMBOL_EXTENSIONS = YES;
				CLANG_ANALYZER_NONNULL = YES;
				CLANG_ANALYZER_NUMBER_OBJECT_CONVERSION = YES_AGGRESSIVE;
				CLANG_CXX_LANGUAGE_STANDARD = "gnu++20";
				CLANG_ENABLE_MODULES = YES;
				CLANG_ENABLE_OBJC_ARC = YES;
				CLANG_ENABLE_OBJC_WEAK = YES;
				CLANG_WARN_BLOCK_CAPTURE_AUTORELEASING = YES;
				CLANG_WARN_BOOL_CONVERSION = YES;
				CLANG_WARN_COMMA = YES;
				CLANG_WARN_CONSTANT_CONVERSION = YES;
				CLANG_WARN_DEPRECATED_OBJC_IMPLEMENTATIONS = YES;
				CLANG_WARN_DIRECT_OBJC_ISA_USAGE = YES_ERROR;
				CLANG_WARN_DOCUMENTATION_COMMENTS = YES;
				CLANG_WARN_EMPTY_BODY = YES;
				CLANG_WARN_ENUM_CONVERSION = YES;
				CLANG_WARN_INFINITE_RECURSION = YES;
				CLANG_WARN_INT_CONVERSION = YES;
				CLANG_WARN_NON_LITERAL_NULL_CONVERSION = YES;
				CLANG_WARN_OBJC_IMPLICIT_RETAIN_SELF = YES;
				CLANG_WARN_OBJC_LITERAL_CONVERSION = YES;
				CLANG_WARN_OBJC_ROOT_CLASS = YES_ERROR;
				CLANG_WARN_QUOTED_INCLUDE_IN_FRAMEWORK_HEADER = YES;
				CLANG_WARN_RANGE_LOOP_ANALYSIS = YES;
				CLANG_WARN_STRICT_PROTOTYPES = YES;
				CLANG_WARN_SUSPICIOUS_MOVE = YES;
				CLANG_WARN_UNGUARDED_AVAILABILITY = YES_AGGRESSIVE;
				CLANG_WARN_UNREACHABLE_CODE = YES;
				CLANG_WARN__DUPLICATE_METHOD_MATCH = YES;
				COPY_PHASE_STRIP = NO;
				DEBUG_INFORMATION_FORMAT = "dwarf-with-dsym";
				ENABLE_NS_ASSERTIONS = NO;
				ENABLE_STRICT_OBJC_MSGSEND = YES;
				ENABLE_USER_SCRIPT_SANDBOXING = YES;
				GCC_C_LANGUAGE_STANDARD = gnu17;
				GCC_NO_COMMON_BLOCKS = YES;
				GCC_WARN_64_TO_32_BIT_CONVERSION = YES;
				GCC_WARN_ABOUT_RETURN_TYPE = YES_ERROR;
				GCC_WARN_UNDECLARED_SELECTOR = YES;
				GCC_WARN_UNINITIALIZED_AUTOS = YES_AGGRESSIVE;
				GCC_WARN_UNUSED_FUNCTION = YES;
				GCC_WARN_UNUSED_VARIABLE = YES;
				LOCALIZATION_PREFERS_STRING_CATALOGS = YES;
				MACOSX_DEPLOYMENT_TARGET = 15.0;
				MTL_ENABLE_DEBUG_INFO = NO;
				MTL_FAST_MATH = YES;
				SDKROOT = macosx;
				SWIFT_COMPILATION_MODE = wholemodule;
			};
			name = Release;
		};
		961DD9BD2C9716B5007DE2D9 /* Debug */ = {
			isa = XCBuildConfiguration;
			buildSettings = {
				ASSETCATALOG_COMPILER_APPICON_NAME = AppIcon;
				ASSETCATALOG_COMPILER_GLOBAL_ACCENT_COLOR_NAME = AccentColor;
				ASSETCATALOG_COMPILER_INCLUDE_ALL_APPICON_ASSETS = YES;
				CODE_SIGN_ENTITLEMENTS = WindowsUncracker/WindowsUncracker.entitlements;
				CODE_SIGN_STYLE = Automatic;
				COMBINE_HIDPI_IMAGES = YES;
				CURRENT_PROJECT_VERSION = 1;
				DEVELOPMENT_ASSET_PATHS = "\"WindowsUncracker/Preview Content\"";
				DEVELOPMENT_TEAM = 4JXH32W2F9;
				ENABLE_HARDENED_RUNTIME = YES;
				ENABLE_PREVIEWS = YES;
				GENERATE_INFOPLIST_FILE = YES;
				INFOPLIST_KEY_NSHumanReadableCopyright = "";
				LD_RUNPATH_SEARCH_PATHS = (
					"$(inherited)",
					"@executable_path/../Frameworks",
				);
				MACOSX_DEPLOYMENT_TARGET = 13.5;
				MARKETING_VERSION = 1.0;
				PRODUCT_BUNDLE_IDENTIFIER = GROSST.WindowsUncracker;
				PRODUCT_NAME = "$(TARGET_NAME)";
				SWIFT_EMIT_LOC_STRINGS = YES;
				SWIFT_VERSION = 5.0;
			};
			name = Debug;
		};
		961DD9BE2C9716B5007DE2D9 /* Release */ = {
			isa = XCBuildConfiguration;
			buildSettings = {
				ASSETCATALOG_COMPILER_APPICON_NAME = AppIcon;
				ASSETCATALOG_COMPILER_GLOBAL_ACCENT_COLOR_NAME = AccentColor;
				ASSETCATALOG_COMPILER_INCLUDE_ALL_APPICON_ASSETS = YES;
				CODE_SIGN_ENTITLEMENTS = WindowsUncracker/WindowsUncracker.entitlements;
				CODE_SIGN_STYLE = Automatic;
				COMBINE_HIDPI_IMAGES = YES;
				CURRENT_PROJECT_VERSION = 1;
				DEVELOPMENT_ASSET_PATHS = "\"WindowsUncracker/Preview Content\"";
				DEVELOPMENT_TEAM = 4JXH32W2F9;
				ENABLE_HARDENED_RUNTIME = YES;
				ENABLE_PREVIEWS = YES;
				GENERATE_INFOPLIST_FILE = YES;
				INFOPLIST_KEY_NSHumanReadableCopyright = "";
				LD_RUNPATH_SEARCH_PATHS = (
					"$(inherited)",
					"@executable_path/../Frameworks",
				);
				MACOSX_DEPLOYMENT_TARGET = 13.5;
				MARKETING_VERSION = 1.0;
				PRODUCT_BUNDLE_IDENTIFIER = GROSST.WindowsUncracker;
				PRODUCT_NAME = "$(TARGET_NAME)";
				SWIFT_EMIT_LOC_STRINGS = YES;
				SWIFT_VERSION = 5.0;
			};
			name = Release;
		};
		961DD9C02C9716B5007DE2D9 /* Debug */ = {
			isa = XCBuildConfiguration;
			buildSettings = {
				BUNDLE_LOADER = "$(TEST_HOST)";
				CODE_SIGN_STYLE = Automatic;
				CURRENT_PROJECT_VERSION = 1;
				DEVELOPMENT_TEAM = 4JXH32W2F9;
				GENERATE_INFOPLIST_FILE = YES;
				MACOSX_DEPLOYMENT_TARGET = 15.0;
				MARKETING_VERSION = 1.0;
				PRODUCT_BUNDLE_IDENTIFIER = GROSST.WindowsUncrackerTests;
				PRODUCT_NAME = "$(TARGET_NAME)";
				SWIFT_EMIT_LOC_STRINGS = NO;
				SWIFT_VERSION = 5.0;
				TEST_HOST = "$(BUILT_PRODUCTS_DIR)/WindowsUncracker.app/$(BUNDLE_EXECUTABLE_FOLDER_PATH)/WindowsUncracker";
			};
			name = Debug;
		};
		961DD9C12C9716B5007DE2D9 /* Release */ = {
			isa = XCBuildConfiguration;
			buildSettings = {
				BUNDLE_LOADER = "$(TEST_HOST)";
				CODE_SIGN_STYLE = Automatic;
				CURRENT_PROJECT_VERSION = 1;
				DEVELOPMENT_TEAM = 4JXH32W2F9;
				GENERATE_INFOPLIST_FILE = YES;
				MACOSX_DEPLOYMENT_TARGET = 15.0;
				MARKETING_VERSION = 1.0;
				PRODUCT_BUNDLE_IDENTIFIER = GROSST.WindowsUncrackerTests;
				PRODUCT_NAME = "$(TARGET_NAME)";
				SWIFT_EMIT_LOC_STRINGS = NO;
				SWIFT_VERSION = 5.0;
				TEST_HOST = "$(BUILT_PRODUCTS_DIR)/WindowsUncracker.app/$(BUNDLE_EXECUTABLE_FOLDER_PATH)/WindowsUncracker";
			};
			name = Release;
		};
		961DD9C32C9716B5007DE2D9 /* Debug */ = {
			isa = XCBuildConfiguration;
			buildSettings = {
				CODE_SIGN_STYLE = Automatic;
				CURRENT_PROJECT_VERSION = 1;
				DEVELOPMENT_TEAM = 4JXH32W2F9;
				GENERATE_INFOPLIST_FILE = YES;
				MARKETING_VERSION = 1.0;
				PRODUCT_BUNDLE_IDENTIFIER = GROSST.WindowsUncrackerUITests;
				PRODUCT_NAME = "$(TARGET_NAME)";
				SWIFT_EMIT_LOC_STRINGS = NO;
				SWIFT_VERSION = 5.0;
				TEST_TARGET_NAME = WindowsUncracker;
			};
			name = Debug;
		};
		961DD9C42C9716B5007DE2D9 /* Release */ = {
			isa = XCBuildConfiguration;
			buildSettings = {
				CODE_SIGN_STYLE = Automatic;
				CURRENT_PROJECT_VERSION = 1;
				DEVELOPMENT_TEAM = 4JXH32W2F9;
				GENERATE_INFOPLIST_FILE = YES;
				MARKETING_VERSION = 1.0;
				PRODUCT_BUNDLE_IDENTIFIER = GROSST.WindowsUncrackerUITests;
				PRODUCT_NAME = "$(TARGET_NAME)";
				SWIFT_EMIT_LOC_STRINGS = NO;
				SWIFT_VERSION = 5.0;
				TEST_TARGET_NAME = WindowsUncracker;
			};
			name = Release;
		};
/* End XCBuildConfiguration section */

/* Begin XCConfigurationList section */
		961DD9922C9716B4007DE2D9 /* Build configuration list for PBXProject "WindowsUncracker" */ = {
			isa = XCConfigurationList;
			buildConfigurations = (
				961DD9BA2C9716B5007DE2D9 /* Debug */,
				961DD9BB2C9716B5007DE2D9 /* Release */,
			);
			defaultConfigurationIsVisible = 0;
			defaultConfigurationName = Release;
		};
		961DD9BC2C9716B5007DE2D9 /* Build configuration list for PBXNativeTarget "WindowsUncracker" */ = {
			isa = XCConfigurationList;
			buildConfigurations = (
				961DD9BD2C9716B5007DE2D9 /* Debug */,
				961DD9BE2C9716B5007DE2D9 /* Release */,
			);
			defaultConfigurationIsVisible = 0;
			defaultConfigurationName = Release;
		};
		961DD9BF2C9716B5007DE2D9 /* Build configuration list for PBXNativeTarget "WindowsUncrackerTests" */ = {
			isa = XCConfigurationList;
			buildConfigurations = (
				961DD9C02C9716B5007DE2D9 /* Debug */,
				961DD9C12C9716B5007DE2D9 /* Release */,
			);
			defaultConfigurationIsVisible = 0;
			defaultConfigurationName = Release;
		};
		961DD9C22C9716B5007DE2D9 /* Build configuration list for PBXNativeTarget "WindowsUncrackerUITests" */ = {
			isa = XCConfigurationList;
			buildConfigurations = (
				961DD9C32C9716B5007DE2D9 /* Debug */,
				961DD9C42C9716B5007DE2D9 /* Release */,
			);
			defaultConfigurationIsVisible = 0;
			defaultConfigurationName = Release;
		};
/* End XCConfigurationList section */
	};
	rootObject = 961DD98F2C9716B4007DE2D9 /* Project object */;
}
